
Microsoft Visual Studio Solution File, Format Version 12.00
# Visual Studio Version 16
VisualStudioVersion = 16.0.29926.136
MinimumVisualStudioVersion = 10.0.40219.1
Project("{888888A0-9F3D-457C-B088-3A5042F75D52}") = "testcases_v1", "testcases_v1.pyproj", "{CA531EAE-C6A2-48F8-979B-39B47DD449A2}"
EndProject
Global
	GlobalSection(SolutionConfigurationPlatforms) = preSolution
		Debug|Any CPU = Debug|Any CPU
		Release|Any CPU = Release|Any CPU
	EndGlobalSection
	GlobalSection(ProjectConfigurationPlatforms) = postSolution
		{CA531EAE-C6A2-48F8-979B-39B47DD449A2}.Debug|Any CPU.ActiveCfg = Debug|Any CPU
		{CA531EAE-C6A2-48F8-979B-39B47DD449A2}.Release|Any CPU.ActiveCfg = Release|Any CPU
	EndGlobalSection
	GlobalSection(SolutionProperties) = preSolution
		HideSolutionNode = FALSE
	EndGlobalSection
	GlobalSection(ExtensibilityGlobals) = postSolution
		SolutionGuid = {62AA9EFE-C8FF-4839-87FA-7FF5079C1ABC}
	EndGlobalSection
EndGlobal
